
Microsoft Visual Studio Solution File, Format Version 12.00
# Visual Studio Version 16
VisualStudioVersion = 16.0.30804.86
MinimumVisualStudioVersion = 10.0.40219.1
Project("{FAE04EC0-301F-11D3-BF4B-00C04F79EFBC}") = "OpenCacheServer", "OpenCacheServer\OpenCacheServer.csproj", "{590CD67E-2D83-4A45-8412-EE6EBA6A8711}"
EndProject
Global
	GlobalSection(SolutionConfigurationPlatforms) = preSolution
		Debug|Any CPU = Debug|Any CPU
		Release|Any CPU = Release|Any CPU
	EndGlobalSection
	GlobalSection(ProjectConfigurationPlatforms) = postSolution
		{590CD67E-2D83-4A45-8412-EE6EBA6A8711}.Debug|Any CPU.ActiveCfg = Debug|Any CPU
		{590CD67E-2D83-4A45-8412-EE6EBA6A8711}.Debug|Any CPU.Build.0 = Debug|Any CPU
		{590CD67E-2D83-4A45-8412-EE6EBA6A8711}.Release|Any CPU.ActiveCfg = Release|Any CPU
		{590CD67E-2D83-4A45-8412-EE6EBA6A8711}.Release|Any CPU.Build.0 = Release|Any CPU
	EndGlobalSection
	GlobalSection(SolutionProperties) = preSolution
		HideSolutionNode = FALSE
	EndGlobalSection
	GlobalSection(ExtensibilityGlobals) = postSolution
		SolutionGuid = {3F8F7A7C-17FF-4621-B4A1-75320E5403D8}
	EndGlobalSection
EndGlobal
